
Microsoft Visual Studio Solution File, Format Version 12.00
# Visual Studio Version 17
VisualStudioVersion = 17.3.32929.385
MinimumVisualStudioVersion = 10.0.40219.1
Project("{9A19103F-16F7-4668-BE54-9A1E7A4F7556}") = "Daily_0001", "Daily_0001\Daily_0001.csproj", "{278C0028-56AE-4911-B9A7-AED166E80523}"
EndProject
Project("{9A19103F-16F7-4668-BE54-9A1E7A4F7556}") = "Daily_0664", "Daily_0664\Daily_0664.csproj", "{7A68746A-9759-410C-814C-5137899CB3C2}"
EndProject
Project("{9A19103F-16F7-4668-BE54-9A1E7A4F7556}") = "Daily_0665", "Daily_0665\Daily_0665.csproj", "{7941B847-D0E2-4348-8A9F-A0590C87B0EA}"
EndProject
Project("{9A19103F-16F7-4668-BE54-9A1E7A4F7556}") = "Daily_0666", "Daily_0666\Daily_0666.csproj", "{CA82B679-5F0A-4BF7-93EC-6274176FE94C}"
EndProject
Project("{2150E333-8FDC-42A3-9474-1A3956D46DE8}") = "Completed", "Completed", "{08C5B2B2-3F20-4E78-9304-60BA6C075200}"
EndProject
Project("{9A19103F-16F7-4668-BE54-9A1E7A4F7556}") = "Daily_0002", "Daily_0002\Daily_0002.csproj", "{3819D3B4-ED90-4014-9C37-F8CA46F86FBC}"
EndProject
Project("{9A19103F-16F7-4668-BE54-9A1E7A4F7556}") = "Shared", "Shared\Shared.csproj", "{A4F37AA9-E66C-43FC-B640-F94DA1B6EE5D}"
EndProject
Project("{9A19103F-16F7-4668-BE54-9A1E7A4F7556}") = "Daily_0003", "Daily_0003\Daily_0003.csproj", "{40D42568-0736-4879-8FE0-F34BF1011B6F}"
EndProject
Project("{2150E333-8FDC-42A3-9474-1A3956D46DE8}") = "Helpers", "Helpers", "{7AEC0F14-6520-49A4-9E4B-BB6CA09EF00B}"
EndProject
Project("{9A19103F-16F7-4668-BE54-9A1E7A4F7556}") = "Daily_0004", "Daily_0004\Daily_0004.csproj", "{E00E4066-0AD6-424F-9904-E3ACFA364729}"
EndProject
Project("{FAE04EC0-301F-11D3-BF4B-00C04F79EFBC}") = "Daily_0007", "Daily_0007\Daily_0007.csproj", "{A7B6CCDE-676F-425D-96B4-B0AB4F6CFF15}"
EndProject
Project("{FAE04EC0-301F-11D3-BF4B-00C04F79EFBC}") = "Daily_0008", "Daily_0008\Daily_0008.csproj", "{494601AB-92CB-44A4-AEE1-6B197F4F13CF}"
EndProject
Project("{FAE04EC0-301F-11D3-BF4B-00C04F79EFBC}") = "Daily_0009", "Daily_0009\Daily_0009.csproj", "{9514CDEA-7E0A-4D3C-8FB4-63CC85A52B1B}"
EndProject
Project("{FAE04EC0-301F-11D3-BF4B-00C04F79EFBC}") = "Daily_0010", "Daily_0010\Daily_0010.csproj", "{B74F67CE-F062-4218-98C0-A863CD39FFDB}"
EndProject
Global
	GlobalSection(SolutionConfigurationPlatforms) = preSolution
		Debug|Any CPU = Debug|Any CPU
		Release|Any CPU = Release|Any CPU
	EndGlobalSection
	GlobalSection(ProjectConfigurationPlatforms) = postSolution
		{278C0028-56AE-4911-B9A7-AED166E80523}.Debug|Any CPU.ActiveCfg = Debug|Any CPU
		{278C0028-56AE-4911-B9A7-AED166E80523}.Debug|Any CPU.Build.0 = Debug|Any CPU
		{278C0028-56AE-4911-B9A7-AED166E80523}.Release|Any CPU.ActiveCfg = Release|Any CPU
		{278C0028-56AE-4911-B9A7-AED166E80523}.Release|Any CPU.Build.0 = Release|Any CPU
		{7A68746A-9759-410C-814C-5137899CB3C2}.Debug|Any CPU.ActiveCfg = Debug|Any CPU
		{7A68746A-9759-410C-814C-5137899CB3C2}.Debug|Any CPU.Build.0 = Debug|Any CPU
		{7A68746A-9759-410C-814C-5137899CB3C2}.Release|Any CPU.ActiveCfg = Release|Any CPU
		{7A68746A-9759-410C-814C-5137899CB3C2}.Release|Any CPU.Build.0 = Release|Any CPU
		{7941B847-D0E2-4348-8A9F-A0590C87B0EA}.Debug|Any CPU.ActiveCfg = Debug|Any CPU
		{7941B847-D0E2-4348-8A9F-A0590C87B0EA}.Debug|Any CPU.Build.0 = Debug|Any CPU
		{7941B847-D0E2-4348-8A9F-A0590C87B0EA}.Release|Any CPU.ActiveCfg = Release|Any CPU
		{7941B847-D0E2-4348-8A9F-A0590C87B0EA}.Release|Any CPU.Build.0 = Release|Any CPU
		{CA82B679-5F0A-4BF7-93EC-6274176FE94C}.Debug|Any CPU.ActiveCfg = Debug|Any CPU
		{CA82B679-5F0A-4BF7-93EC-6274176FE94C}.Debug|Any CPU.Build.0 = Debug|Any CPU
		{CA82B679-5F0A-4BF7-93EC-6274176FE94C}.Release|Any CPU.ActiveCfg = Release|Any CPU
		{CA82B679-5F0A-4BF7-93EC-6274176FE94C}.Release|Any CPU.Build.0 = Release|Any CPU
		{3819D3B4-ED90-4014-9C37-F8CA46F86FBC}.Debug|Any CPU.ActiveCfg = Debug|Any CPU
		{3819D3B4-ED90-4014-9C37-F8CA46F86FBC}.Debug|Any CPU.Build.0 = Debug|Any CPU
		{3819D3B4-ED90-4014-9C37-F8CA46F86FBC}.Release|Any CPU.ActiveCfg = Release|Any CPU
		{3819D3B4-ED90-4014-9C37-F8CA46F86FBC}.Release|Any CPU.Build.0 = Release|Any CPU
		{A4F37AA9-E66C-43FC-B640-F94DA1B6EE5D}.Debug|Any CPU.ActiveCfg = Debug|Any CPU
		{A4F37AA9-E66C-43FC-B640-F94DA1B6EE5D}.Debug|Any CPU.Build.0 = Debug|Any CPU
		{A4F37AA9-E66C-43FC-B640-F94DA1B6EE5D}.Release|Any CPU.ActiveCfg = Release|Any CPU
		{A4F37AA9-E66C-43FC-B640-F94DA1B6EE5D}.Release|Any CPU.Build.0 = Release|Any CPU
		{40D42568-0736-4879-8FE0-F34BF1011B6F}.Debug|Any CPU.ActiveCfg = Debug|Any CPU
		{40D42568-0736-4879-8FE0-F34BF1011B6F}.Debug|Any CPU.Build.0 = Debug|Any CPU
		{40D42568-0736-4879-8FE0-F34BF1011B6F}.Release|Any CPU.ActiveCfg = Release|Any CPU
		{40D42568-0736-4879-8FE0-F34BF1011B6F}.Release|Any CPU.Build.0 = Release|Any CPU
		{E00E4066-0AD6-424F-9904-E3ACFA364729}.Debug|Any CPU.ActiveCfg = Debug|Any CPU
		{E00E4066-0AD6-424F-9904-E3ACFA364729}.Debug|Any CPU.Build.0 = Debug|Any CPU
		{E00E4066-0AD6-424F-9904-E3ACFA364729}.Release|Any CPU.ActiveCfg = Release|Any CPU
		{E00E4066-0AD6-424F-9904-E3ACFA364729}.Release|Any CPU.Build.0 = Release|Any CPU
		{A7B6CCDE-676F-425D-96B4-B0AB4F6CFF15}.Debug|Any CPU.ActiveCfg = Debug|Any CPU
		{A7B6CCDE-676F-425D-96B4-B0AB4F6CFF15}.Debug|Any CPU.Build.0 = Debug|Any CPU
		{A7B6CCDE-676F-425D-96B4-B0AB4F6CFF15}.Release|Any CPU.ActiveCfg = Release|Any CPU
		{A7B6CCDE-676F-425D-96B4-B0AB4F6CFF15}.Release|Any CPU.Build.0 = Release|Any CPU
		{494601AB-92CB-44A4-AEE1-6B197F4F13CF}.Debug|Any CPU.ActiveCfg = Debug|Any CPU
		{494601AB-92CB-44A4-AEE1-6B197F4F13CF}.Debug|Any CPU.Build.0 = Debug|Any CPU
		{494601AB-92CB-44A4-AEE1-6B197F4F13CF}.Release|Any CPU.ActiveCfg = Release|Any CPU
		{494601AB-92CB-44A4-AEE1-6B197F4F13CF}.Release|Any CPU.Build.0 = Release|Any CPU
		{9514CDEA-7E0A-4D3C-8FB4-63CC85A52B1B}.Debug|Any CPU.ActiveCfg = Debug|Any CPU
		{9514CDEA-7E0A-4D3C-8FB4-63CC85A52B1B}.Debug|Any CPU.Build.0 = Debug|Any CPU
		{9514CDEA-7E0A-4D3C-8FB4-63CC85A52B1B}.Release|Any CPU.ActiveCfg = Release|Any CPU
		{9514CDEA-7E0A-4D3C-8FB4-63CC85A52B1B}.Release|Any CPU.Build.0 = Release|Any CPU
		{B74F67CE-F062-4218-98C0-A863CD39FFDB}.Debug|Any CPU.ActiveCfg = Debug|Any CPU
		{B74F67CE-F062-4218-98C0-A863CD39FFDB}.Debug|Any CPU.Build.0 = Debug|Any CPU
		{B74F67CE-F062-4218-98C0-A863CD39FFDB}.Release|Any CPU.ActiveCfg = Release|Any CPU
		{B74F67CE-F062-4218-98C0-A863CD39FFDB}.Release|Any CPU.Build.0 = Release|Any CPU
	EndGlobalSection
	GlobalSection(SolutionProperties) = preSolution
		HideSolutionNode = FALSE
	EndGlobalSection
	GlobalSection(NestedProjects) = preSolution
		{278C0028-56AE-4911-B9A7-AED166E80523} = {08C5B2B2-3F20-4E78-9304-60BA6C075200}
		{3819D3B4-ED90-4014-9C37-F8CA46F86FBC} = {08C5B2B2-3F20-4E78-9304-60BA6C075200}
		{A4F37AA9-E66C-43FC-B640-F94DA1B6EE5D} = {7AEC0F14-6520-49A4-9E4B-BB6CA09EF00B}
		{40D42568-0736-4879-8FE0-F34BF1011B6F} = {08C5B2B2-3F20-4E78-9304-60BA6C075200}
		{E00E4066-0AD6-424F-9904-E3ACFA364729} = {08C5B2B2-3F20-4E78-9304-60BA6C075200}
		{A7B6CCDE-676F-425D-96B4-B0AB4F6CFF15} = {08C5B2B2-3F20-4E78-9304-60BA6C075200}
		{494601AB-92CB-44A4-AEE1-6B197F4F13CF} = {08C5B2B2-3F20-4E78-9304-60BA6C075200}
		{9514CDEA-7E0A-4D3C-8FB4-63CC85A52B1B} = {08C5B2B2-3F20-4E78-9304-60BA6C075200}
	EndGlobalSection
	GlobalSection(ExtensibilityGlobals) = postSolution
		SolutionGuid = {1303B715-5D12-47EC-9669-81DA26A59163}
	EndGlobalSection
EndGlobal
